
Microsoft Visual Studio Solution File, Format Version 12.00
# Visual Studio Version 17
VisualStudioVersion = 17.4.33213.308
MinimumVisualStudioVersion = 10.0.40219.1
Project("{FAE04EC0-301F-11D3-BF4B-00C04F79EFBC}") = "agenda-simples-t5", "agenda-simples-t5.csproj", "{AE18070F-C9AC-41AC-9F53-39C0CD9CFB7E}"
EndProject
Global
	GlobalSection(SolutionConfigurationPlatforms) = preSolution
		Debug|Any CPU = Debug|Any CPU
		Release|Any CPU = Release|Any CPU
	EndGlobalSection
	GlobalSection(ProjectConfigurationPlatforms) = postSolution
		{AE18070F-C9AC-41AC-9F53-39C0CD9CFB7E}.Debug|Any CPU.ActiveCfg = Debug|Any CPU
		{AE18070F-C9AC-41AC-9F53-39C0CD9CFB7E}.Debug|Any CPU.Build.0 = Debug|Any CPU
		{AE18070F-C9AC-41AC-9F53-39C0CD9CFB7E}.Release|Any CPU.ActiveCfg = Release|Any CPU
		{AE18070F-C9AC-41AC-9F53-39C0CD9CFB7E}.Release|Any CPU.Build.0 = Release|Any CPU
	EndGlobalSection
	GlobalSection(SolutionProperties) = preSolution
		HideSolutionNode = FALSE
	EndGlobalSection
	GlobalSection(ExtensibilityGlobals) = postSolution
		SolutionGuid = {B34BE7E2-62D3-4EEB-8D9C-6F04F118F528}
	EndGlobalSection
EndGlobal
